
Microsoft Visual Studio Solution File, Format Version 10.00
# Visual Studio 2008
Project("{FAE04EC0-301F-11D3-BF4B-00C04F79EFBC}") = "Calculator", "Calculator\Calculator.csproj", "{793B7B73-08A8-4D31-AA2C-D0981B5D6E70}"
EndProject
Project("{FAE04EC0-301F-11D3-BF4B-00C04F79EFBC}") = "GrammGen", "..\..\Src\GrammGen\GrammGen.csproj", "{A8CAAD0C-FD08-4DD7-A164-C28D4EEDFF54}"
EndProject
Project("{FAE04EC0-301F-11D3-BF4B-00C04F79EFBC}") = "Calculator.Tests", "Calculator.Tests\Calculator.Tests.csproj", "{932D2356-B74F-4585-97BB-7D0CAAFB7A5A}"
EndProject
Project("{2150E333-8FDC-42A3-9474-1A3956D46DE8}") = "Solution Items", "Solution Items", "{72503D76-3999-4D6C-8150-E6CA9C393ED9}"
	ProjectSection(SolutionItems) = preProject
		Calculator.vsmdi = Calculator.vsmdi
		LocalTestRun.testrunconfig = LocalTestRun.testrunconfig
	EndProjectSection
EndProject
Project("{FAE04EC0-301F-11D3-BF4B-00C04F79EFBC}") = "GrammGen.Tests", "..\..\Src\GrammGen.Tests\GrammGen.Tests.csproj", "{F3BE3080-BF1C-47E6-A044-4DEB9CD939A4}"
EndProject
Global
	GlobalSection(TestCaseManagementSettings) = postSolution
		CategoryFile = Calculator.vsmdi
	EndGlobalSection
	GlobalSection(SolutionConfigurationPlatforms) = preSolution
		Debug|Any CPU = Debug|Any CPU
		Release|Any CPU = Release|Any CPU
	EndGlobalSection
	GlobalSection(ProjectConfigurationPlatforms) = postSolution
		{793B7B73-08A8-4D31-AA2C-D0981B5D6E70}.Debug|Any CPU.ActiveCfg = Debug|Any CPU
		{793B7B73-08A8-4D31-AA2C-D0981B5D6E70}.Debug|Any CPU.Build.0 = Debug|Any CPU
		{793B7B73-08A8-4D31-AA2C-D0981B5D6E70}.Release|Any CPU.ActiveCfg = Release|Any CPU
		{793B7B73-08A8-4D31-AA2C-D0981B5D6E70}.Release|Any CPU.Build.0 = Release|Any CPU
		{A8CAAD0C-FD08-4DD7-A164-C28D4EEDFF54}.Debug|Any CPU.ActiveCfg = Debug|Any CPU
		{A8CAAD0C-FD08-4DD7-A164-C28D4EEDFF54}.Debug|Any CPU.Build.0 = Debug|Any CPU
		{A8CAAD0C-FD08-4DD7-A164-C28D4EEDFF54}.Release|Any CPU.ActiveCfg = Release|Any CPU
		{A8CAAD0C-FD08-4DD7-A164-C28D4EEDFF54}.Release|Any CPU.Build.0 = Release|Any CPU
		{932D2356-B74F-4585-97BB-7D0CAAFB7A5A}.Debug|Any CPU.ActiveCfg = Debug|Any CPU
		{932D2356-B74F-4585-97BB-7D0CAAFB7A5A}.Debug|Any CPU.Build.0 = Debug|Any CPU
		{932D2356-B74F-4585-97BB-7D0CAAFB7A5A}.Release|Any CPU.ActiveCfg = Release|Any CPU
		{932D2356-B74F-4585-97BB-7D0CAAFB7A5A}.Release|Any CPU.Build.0 = Release|Any CPU
		{F3BE3080-BF1C-47E6-A044-4DEB9CD939A4}.Debug|Any CPU.ActiveCfg = Debug|Any CPU
		{F3BE3080-BF1C-47E6-A044-4DEB9CD939A4}.Debug|Any CPU.Build.0 = Debug|Any CPU
		{F3BE3080-BF1C-47E6-A044-4DEB9CD939A4}.Release|Any CPU.ActiveCfg = Release|Any CPU
		{F3BE3080-BF1C-47E6-A044-4DEB9CD939A4}.Release|Any CPU.Build.0 = Release|Any CPU
	EndGlobalSection
	GlobalSection(SolutionProperties) = preSolution
		HideSolutionNode = FALSE
	EndGlobalSection
EndGlobal
